<?xml version="1.0" encoding="UTF-8"?>
<CONFIG>
  <ProjectOptions>
    <Version Value="12"/>
    <General>
      <SessionStorage Value="InProjectDir"/>
      <Title Value="WhonixInstaller"/>
      <Scaled Value="True"/>
      <ResourceType Value="res"/>
      <UseXPManifest Value="True"/>
      <XPManifest>
        <DpiAware Value="True"/>
        <ExecutionLevel Value="requireAdministrator"/>
      </XPManifest>
      <Icon Value="0"/>
      <Resources Count="8">
        <Resource_0 FileName="../WhonixInstallerBannerLinux.jpg" Type="RCDATA" ResourceName="BANNERLINUX"/>
        <Resource_1 FileName="../WhonixInstallerBannerWindows.jpg" Type="RCDATA" ResourceName="BANNERWINDOWS"/>
        <Resource_2 FileName="../COPYING" Type="RCDATA" ResourceName="LICENSE"/>
        <Resource_3 FileName="../DUMMY_RES_FILE" Type="RCDATA" ResourceName="SCRIPT"/>
        <Resource_4 FileName="../WhonixOvaInfo.ini" Type="RCDATA" ResourceName="OVAINFO"/>
        <Resource_5 FileName="../DUMMY_RES_FILE" Type="RCDATA" ResourceName="VCREDIST"/>
        <Resource_6 FileName="../DUMMY_RES_FILE" Type="RCDATA" ResourceName="VBOX"/>
        <Resource_7 FileName="../DUMMY_RES_FILE" Type="RCDATA" ResourceName="STARTER"/>
      </Resources>
    </General>
    <VersionInfo>
      <UseVersionInfo Value="True"/>
      <MajorVersionNr Value="1"/>
      <StringTable Comments="Installer for Whonix" CompanyName="ENCRYPTED SUPPORT LLC" FileDescription="Installer for Whonix" InternalName="WhonixInstaller" LegalCopyright="Copyright (C) 2023" OriginalFilename="WhonixInstaller-XYZ-1.2.3.4.exe" ProductName="Whonix" ProductVersion="[WHONIX_VERSION]"/>
    </VersionInfo>
    <BuildModes>
      <Item Name="Default" Default="True"/>
    </BuildModes>
    <PublishOptions>
      <Version Value="2"/>
      <UseFileFilters Value="True"/>
    </PublishOptions>
    <RunParams>
      <FormatVersion Value="2"/>
    </RunParams>
    <RequiredPackages>
      <Item>
        <PackageName Value="LCL"/>
      </Item>
    </RequiredPackages>
    <Units>
      <Unit>
        <Filename Value="WhonixInstaller.lpr"/>
        <IsPartOfProject Value="True"/>
      </Unit>
      <Unit>
        <Filename Value="whonixinstaller_main.pas"/>
        <IsPartOfProject Value="True"/>
        <ComponentName Value="InstallerForm"/>
        <HasResources Value="True"/>
        <ResourceBaseClass Value="Form"/>
        <UnitName Value="WhonixInstaller_Main"/>
      </Unit>
    </Units>
  </ProjectOptions>
  <CompilerOptions>
    <Version Value="11"/>
    <Target>
      <Filename Value="../build/WhonixInstaller"/>
    </Target>
    <SearchPaths>
      <IncludeFiles Value="$(ProjOutDir)"/>
      <Libraries Value="../build"/>
      <UnitOutputDirectory Value="../build/lib/$(TargetCPU)-$(TargetOS)"/>
    </SearchPaths>
    <Linking>
      <Debugging>
        <DebugInfoType Value="dsDwarf2"/>
      </Debugging>
      <Options>
        <Win32>
          <GraphicApplication Value="True"/>
        </Win32>
      </Options>
    </Linking>
    <Other>
      <Verbosity>
        <ShowDebugInfo Value="True"/>
      </Verbosity>
    </Other>
  </CompilerOptions>
  <Debugging>
    <Exceptions>
      <Item>
        <Name Value="EAbort"/>
      </Item>
      <Item>
        <Name Value="ECodetoolError"/>
      </Item>
      <Item>
        <Name Value="EFOpenError"/>
      </Item>
    </Exceptions>
  </Debugging>
</CONFIG>
